
Microsoft Visual Studio Solution File, Format Version 12.00
# Visual Studio 15
VisualStudioVersion = 15.0.27703.2000
MinimumVisualStudioVersion = 10.0.40219.1
Project("{FAE04EC0-301F-11D3-BF4B-00C04F79EFBC}") = "AspNetCoreDocumentationSucksAndWastesMyTime", "AspNetCoreDocumentationSucksAndWastesMyTime\AspNetCoreDocumentationSucksAndWastesMyTime.csproj", "{F2B70945-896A-4507-95B6-AB5653CD2C39}"
EndProject
Global
	GlobalSection(SolutionConfigurationPlatforms) = preSolution
		Debug|Any CPU = Debug|Any CPU
		Release|Any CPU = Release|Any CPU
	EndGlobalSection
	GlobalSection(ProjectConfigurationPlatforms) = postSolution
		{F2B70945-896A-4507-95B6-AB5653CD2C39}.Debug|Any CPU.ActiveCfg = Debug|Any CPU
		{F2B70945-896A-4507-95B6-AB5653CD2C39}.Debug|Any CPU.Build.0 = Debug|Any CPU
		{F2B70945-896A-4507-95B6-AB5653CD2C39}.Release|Any CPU.ActiveCfg = Release|Any CPU
		{F2B70945-896A-4507-95B6-AB5653CD2C39}.Release|Any CPU.Build.0 = Release|Any CPU
	EndGlobalSection
	GlobalSection(SolutionProperties) = preSolution
		HideSolutionNode = FALSE
	EndGlobalSection
	GlobalSection(ExtensibilityGlobals) = postSolution
		SolutionGuid = {1A834E2E-1281-4178-8D75-82A35063A680}
	EndGlobalSection
EndGlobal
